
Microsoft Visual Studio Solution File, Format Version 12.00
# Visual Studio 15
VisualStudioVersion = 15.0.27428.2005
MinimumVisualStudioVersion = 10.0.40219.1
Project("{FAE04EC0-301F-11D3-BF4B-00C04F79EFBC}") = "StreetCricket.Android", "StreetCricket\StreetCricket.Android\StreetCricket.Android.csproj", "{F8F5286B-6B50-470F-98A5-2A899B0A5A53}"
EndProject
Project("{FAE04EC0-301F-11D3-BF4B-00C04F79EFBC}") = "StreetCricket.iOS", "StreetCricket\StreetCricket.iOS\StreetCricket.iOS.csproj", "{DC589D02-3CA3-4866-92B4-730CCAE550E4}"
EndProject
Project("{FAE04EC0-301F-11D3-BF4B-00C04F79EFBC}") = "StreetCricket.UWP", "StreetCricket\StreetCricket.UWP\StreetCricket.UWP.csproj", "{16F09A55-AB20-4252-8D32-A9058558423B}"
EndProject
Project("{9A19103F-16F7-4668-BE54-9A1E7A4F7556}") = "StreetCricket", "StreetCricket\StreetCricket\StreetCricket.csproj", "{4DE603A3-C8AA-4E62-B359-0E65DC6B1BB6}"
EndProject
Project("{FAE04EC0-301F-11D3-BF4B-00C04F79EFBC}") = "CricketLIbrary", "CricketLIbrary\CricketLIbrary.csproj", "{188405DA-5603-4F54-B49D-95BA24DB2E6A}"
EndProject
Global
	GlobalSection(SolutionConfigurationPlatforms) = preSolution
		Ad-Hoc|Any CPU = Ad-Hoc|Any CPU
		Ad-Hoc|ARM = Ad-Hoc|ARM
		Ad-Hoc|iPhone = Ad-Hoc|iPhone
		Ad-Hoc|iPhoneSimulator = Ad-Hoc|iPhoneSimulator
		Ad-Hoc|x64 = Ad-Hoc|x64
		Ad-Hoc|x86 = Ad-Hoc|x86
		AppStore|Any CPU = AppStore|Any CPU
		AppStore|ARM = AppStore|ARM
		AppStore|iPhone = AppStore|iPhone
		AppStore|iPhoneSimulator = AppStore|iPhoneSimulator
		AppStore|x64 = AppStore|x64
		AppStore|x86 = AppStore|x86
		Debug|Any CPU = Debug|Any CPU
		Debug|ARM = Debug|ARM
		Debug|iPhone = Debug|iPhone
		Debug|iPhoneSimulator = Debug|iPhoneSimulator
		Debug|x64 = Debug|x64
		Debug|x86 = Debug|x86
		Release|Any CPU = Release|Any CPU
		Release|ARM = Release|ARM
		Release|iPhone = Release|iPhone
		Release|iPhoneSimulator = Release|iPhoneSimulator
		Release|x64 = Release|x64
		Release|x86 = Release|x86
	EndGlobalSection
	GlobalSection(ProjectConfigurationPlatforms) = postSolution
		{F8F5286B-6B50-470F-98A5-2A899B0A5A53}.Ad-Hoc|Any CPU.ActiveCfg = Release|Any CPU
		{F8F5286B-6B50-470F-98A5-2A899B0A5A53}.Ad-Hoc|Any CPU.Build.0 = Release|Any CPU
		{F8F5286B-6B50-470F-98A5-2A899B0A5A53}.Ad-Hoc|Any CPU.Deploy.0 = Release|Any CPU
		{F8F5286B-6B50-470F-98A5-2A899B0A5A53}.Ad-Hoc|ARM.ActiveCfg = Release|Any CPU
		{F8F5286B-6B50-470F-98A5-2A899B0A5A53}.Ad-Hoc|ARM.Build.0 = Release|Any CPU
		{F8F5286B-6B50-470F-98A5-2A899B0A5A53}.Ad-Hoc|ARM.Deploy.0 = Release|Any CPU
		{F8F5286B-6B50-470F-98A5-2A899B0A5A53}.Ad-Hoc|iPhone.ActiveCfg = Release|Any CPU
		{F8F5286B-6B50-470F-98A5-2A899B0A5A53}.Ad-Hoc|iPhone.Build.0 = Release|Any CPU
		{F8F5286B-6B50-470F-98A5-2A899B0A5A53}.Ad-Hoc|iPhone.Deploy.0 = Release|Any CPU
		{F8F5286B-6B50-470F-98A5-2A899B0A5A53}.Ad-Hoc|iPhoneSimulator.ActiveCfg = Release|Any CPU
		{F8F5286B-6B50-470F-98A5-2A899B0A5A53}.Ad-Hoc|iPhoneSimulator.Build.0 = Release|Any CPU
		{F8F5286B-6B50-470F-98A5-2A899B0A5A53}.Ad-Hoc|iPhoneSimulator.Deploy.0 = Release|Any CPU
		{F8F5286B-6B50-470F-98A5-2A899B0A5A53}.Ad-Hoc|x64.ActiveCfg = Release|Any CPU
		{F8F5286B-6B50-470F-98A5-2A899B0A5A53}.Ad-Hoc|x64.Build.0 = Release|Any CPU
		{F8F5286B-6B50-470F-98A5-2A899B0A5A53}.Ad-Hoc|x64.Deploy.0 = Release|Any CPU
		{F8F5286B-6B50-470F-98A5-2A899B0A5A53}.Ad-Hoc|x86.ActiveCfg = Release|Any CPU
		{F8F5286B-6B50-470F-98A5-2A899B0A5A53}.Ad-Hoc|x86.Build.0 = Release|Any CPU
		{F8F5286B-6B50-470F-98A5-2A899B0A5A53}.Ad-Hoc|x86.Deploy.0 = Release|Any CPU
		{F8F5286B-6B50-470F-98A5-2A899B0A5A53}.AppStore|Any CPU.ActiveCfg = Release|Any CPU
		{F8F5286B-6B50-470F-98A5-2A899B0A5A53}.AppStore|Any CPU.Build.0 = Release|Any CPU
		{F8F5286B-6B50-470F-98A5-2A899B0A5A53}.AppStore|Any CPU.Deploy.0 = Release|Any CPU
		{F8F5286B-6B50-470F-98A5-2A899B0A5A53}.AppStore|ARM.ActiveCfg = Release|Any CPU
		{F8F5286B-6B50-470F-98A5-2A899B0A5A53}.AppStore|ARM.Build.0 = Release|Any CPU
		{F8F5286B-6B50-470F-98A5-2A899B0A5A53}.AppStore|ARM.Deploy.0 = Release|Any CPU
		{F8F5286B-6B50-470F-98A5-2A899B0A5A53}.AppStore|iPhone.ActiveCfg = Release|Any CPU
		{F8F5286B-6B50-470F-98A5-2A899B0A5A53}.AppStore|iPhone.Build.0 = Release|Any CPU
		{F8F5286B-6B50-470F-98A5-2A899B0A5A53}.AppStore|iPhone.Deploy.0 = Release|Any CPU
		{F8F5286B-6B50-470F-98A5-2A899B0A5A53}.AppStore|iPhoneSimulator.ActiveCfg = Release|Any CPU
		{F8F5286B-6B50-470F-98A5-2A899B0A5A53}.AppStore|iPhoneSimulator.Build.0 = Release|Any CPU
		{F8F5286B-6B50-470F-98A5-2A899B0A5A53}.AppStore|iPhoneSimulator.Deploy.0 = Release|Any CPU
		{F8F5286B-6B50-470F-98A5-2A899B0A5A53}.AppStore|x64.ActiveCfg = Release|Any CPU
		{F8F5286B-6B50-470F-98A5-2A899B0A5A53}.AppStore|x64.Build.0 = Release|Any CPU
		{F8F5286B-6B50-470F-98A5-2A899B0A5A53}.AppStore|x64.Deploy.0 = Release|Any CPU
		{F8F5286B-6B50-470F-98A5-2A899B0A5A53}.AppStore|x86.ActiveCfg = Release|Any CPU
		{F8F5286B-6B50-470F-98A5-2A899B0A5A53}.AppStore|x86.Build.0 = Release|Any CPU
		{F8F5286B-6B50-470F-98A5-2A899B0A5A53}.AppStore|x86.Deploy.0 = Release|Any CPU
		{F8F5286B-6B50-470F-98A5-2A899B0A5A53}.Debug|Any CPU.ActiveCfg = Debug|Any CPU
		{F8F5286B-6B50-470F-98A5-2A899B0A5A53}.Debug|Any CPU.Build.0 = Debug|Any CPU
		{F8F5286B-6B50-470F-98A5-2A899B0A5A53}.Debug|Any CPU.Deploy.0 = Debug|Any CPU
		{F8F5286B-6B50-470F-98A5-2A899B0A5A53}.Debug|ARM.ActiveCfg = Debug|Any CPU
		{F8F5286B-6B50-470F-98A5-2A899B0A5A53}.Debug|ARM.Build.0 = Debug|Any CPU
		{F8F5286B-6B50-470F-98A5-2A899B0A5A53}.Debug|ARM.Deploy.0 = Debug|Any CPU
		{F8F5286B-6B50-470F-98A5-2A899B0A5A53}.Debug|iPhone.ActiveCfg = Debug|Any CPU
		{F8F5286B-6B50-470F-98A5-2A899B0A5A53}.Debug|iPhone.Build.0 = Debug|Any CPU
		{F8F5286B-6B50-470F-98A5-2A899B0A5A53}.Debug|iPhone.Deploy.0 = Debug|Any CPU
		{F8F5286B-6B50-470F-98A5-2A899B0A5A53}.Debug|iPhoneSimulator.ActiveCfg = Debug|Any CPU
		{F8F5286B-6B50-470F-98A5-2A899B0A5A53}.Debug|iPhoneSimulator.Build.0 = Debug|Any CPU
		{F8F5286B-6B50-470F-98A5-2A899B0A5A53}.Debug|iPhoneSimulator.Deploy.0 = Debug|Any CPU
		{F8F5286B-6B50-470F-98A5-2A899B0A5A53}.Debug|x64.ActiveCfg = Debug|Any CPU
		{F8F5286B-6B50-470F-98A5-2A899B0A5A53}.Debug|x64.Build.0 = Debug|Any CPU
		{F8F5286B-6B50-470F-98A5-2A899B0A5A53}.Debug|x64.Deploy.0 = Debug|Any CPU
		{F8F5286B-6B50-470F-98A5-2A899B0A5A53}.Debug|x86.ActiveCfg = Debug|Any CPU
		{F8F5286B-6B50-470F-98A5-2A899B0A5A53}.Debug|x86.Build.0 = Debug|Any CPU
		{F8F5286B-6B50-470F-98A5-2A899B0A5A53}.Debug|x86.Deploy.0 = Debug|Any CPU
		{F8F5286B-6B50-470F-98A5-2A899B0A5A53}.Release|Any CPU.ActiveCfg = Release|Any CPU
		{F8F5286B-6B50-470F-98A5-2A899B0A5A53}.Release|Any CPU.Build.0 = Release|Any CPU
		{F8F5286B-6B50-470F-98A5-2A899B0A5A53}.Release|Any CPU.Deploy.0 = Release|Any CPU
		{F8F5286B-6B50-470F-98A5-2A899B0A5A53}.Release|ARM.ActiveCfg = Release|Any CPU
		{F8F5286B-6B50-470F-98A5-2A899B0A5A53}.Release|ARM.Build.0 = Release|Any CPU
		{F8F5286B-6B50-470F-98A5-2A899B0A5A53}.Release|ARM.Deploy.0 = Release|Any CPU
		{F8F5286B-6B50-470F-98A5-2A899B0A5A53}.Release|iPhone.ActiveCfg = Release|Any CPU
		{F8F5286B-6B50-470F-98A5-2A899B0A5A53}.Release|iPhone.Build.0 = Release|Any CPU
		{F8F5286B-6B50-470F-98A5-2A899B0A5A53}.Release|iPhone.Deploy.0 = Release|Any CPU
		{F8F5286B-6B50-470F-98A5-2A899B0A5A53}.Release|iPhoneSimulator.ActiveCfg = Release|Any CPU
		{F8F5286B-6B50-470F-98A5-2A899B0A5A53}.Release|iPhoneSimulator.Build.0 = Release|Any CPU
		{F8F5286B-6B50-470F-98A5-2A899B0A5A53}.Release|iPhoneSimulator.Deploy.0 = Release|Any CPU
		{F8F5286B-6B50-470F-98A5-2A899B0A5A53}.Release|x64.ActiveCfg = Release|Any CPU
		{F8F5286B-6B50-470F-98A5-2A899B0A5A53}.Release|x64.Build.0 = Release|Any CPU
		{F8F5286B-6B50-470F-98A5-2A899B0A5A53}.Release|x64.Deploy.0 = Release|Any CPU
		{F8F5286B-6B50-470F-98A5-2A899B0A5A53}.Release|x86.ActiveCfg = Release|Any CPU
		{F8F5286B-6B50-470F-98A5-2A899B0A5A53}.Release|x86.Build.0 = Release|Any CPU
		{F8F5286B-6B50-470F-98A5-2A899B0A5A53}.Release|x86.Deploy.0 = Release|Any CPU
		{DC589D02-3CA3-4866-92B4-730CCAE550E4}.Ad-Hoc|Any CPU.ActiveCfg = Ad-Hoc|iPhone
		{DC589D02-3CA3-4866-92B4-730CCAE550E4}.Ad-Hoc|ARM.ActiveCfg = Ad-Hoc|iPhone
		{DC589D02-3CA3-4866-92B4-730CCAE550E4}.Ad-Hoc|iPhone.ActiveCfg = Ad-Hoc|iPhone
		{DC589D02-3CA3-4866-92B4-730CCAE550E4}.Ad-Hoc|iPhone.Build.0 = Ad-Hoc|iPhone
		{DC589D02-3CA3-4866-92B4-730CCAE550E4}.Ad-Hoc|iPhoneSimulator.ActiveCfg = Ad-Hoc|iPhoneSimulator
		{DC589D02-3CA3-4866-92B4-730CCAE550E4}.Ad-Hoc|iPhoneSimulator.Build.0 = Ad-Hoc|iPhoneSimulator
		{DC589D02-3CA3-4866-92B4-730CCAE550E4}.Ad-Hoc|x64.ActiveCfg = Ad-Hoc|iPhone
		{DC589D02-3CA3-4866-92B4-730CCAE550E4}.Ad-Hoc|x86.ActiveCfg = Ad-Hoc|iPhone
		{DC589D02-3CA3-4866-92B4-730CCAE550E4}.AppStore|Any CPU.ActiveCfg = AppStore|iPhone
		{DC589D02-3CA3-4866-92B4-730CCAE550E4}.AppStore|ARM.ActiveCfg = AppStore|iPhone
		{DC589D02-3CA3-4866-92B4-730CCAE550E4}.AppStore|iPhone.ActiveCfg = AppStore|iPhone
		{DC589D02-3CA3-4866-92B4-730CCAE550E4}.AppStore|iPhone.Build.0 = AppStore|iPhone
		{DC589D02-3CA3-4866-92B4-730CCAE550E4}.AppStore|iPhoneSimulator.ActiveCfg = AppStore|iPhoneSimulator
		{DC589D02-3CA3-4866-92B4-730CCAE550E4}.AppStore|iPhoneSimulator.Build.0 = AppStore|iPhoneSimulator
		{DC589D02-3CA3-4866-92B4-730CCAE550E4}.AppStore|x64.ActiveCfg = AppStore|iPhone
		{DC589D02-3CA3-4866-92B4-730CCAE550E4}.AppStore|x86.ActiveCfg = AppStore|iPhone
		{DC589D02-3CA3-4866-92B4-730CCAE550E4}.Debug|Any CPU.ActiveCfg = Debug|iPhone
		{DC589D02-3CA3-4866-92B4-730CCAE550E4}.Debug|ARM.ActiveCfg = Debug|iPhone
		{DC589D02-3CA3-4866-92B4-730CCAE550E4}.Debug|iPhone.ActiveCfg = Debug|iPhone
		{DC589D02-3CA3-4866-92B4-730CCAE550E4}.Debug|iPhone.Build.0 = Debug|iPhone
		{DC589D02-3CA3-4866-92B4-730CCAE550E4}.Debug|iPhoneSimulator.ActiveCfg = Debug|iPhoneSimulator
		{DC589D02-3CA3-4866-92B4-730CCAE550E4}.Debug|iPhoneSimulator.Build.0 = Debug|iPhoneSimulator
		{DC589D02-3CA3-4866-92B4-730CCAE550E4}.Debug|x64.ActiveCfg = Debug|iPhone
		{DC589D02-3CA3-4866-92B4-730CCAE550E4}.Debug|x86.ActiveCfg = Debug|iPhone
		{DC589D02-3CA3-4866-92B4-730CCAE550E4}.Release|Any CPU.ActiveCfg = Release|iPhone
		{DC589D02-3CA3-4866-92B4-730CCAE550E4}.Release|ARM.ActiveCfg = Release|iPhone
		{DC589D02-3CA3-4866-92B4-730CCAE550E4}.Release|iPhone.ActiveCfg = Release|iPhone
		{DC589D02-3CA3-4866-92B4-730CCAE550E4}.Release|iPhone.Build.0 = Release|iPhone
		{DC589D02-3CA3-4866-92B4-730CCAE550E4}.Release|iPhoneSimulator.ActiveCfg = Release|iPhoneSimulator
		{DC589D02-3CA3-4866-92B4-730CCAE550E4}.Release|iPhoneSimulator.Build.0 = Release|iPhoneSimulator
		{DC589D02-3CA3-4866-92B4-730CCAE550E4}.Release|x64.ActiveCfg = Release|iPhone
		{DC589D02-3CA3-4866-92B4-730CCAE550E4}.Release|x86.ActiveCfg = Release|iPhone
		{16F09A55-AB20-4252-8D32-A9058558423B}.Ad-Hoc|Any CPU.ActiveCfg = Release|x86
		{16F09A55-AB20-4252-8D32-A9058558423B}.Ad-Hoc|Any CPU.Build.0 = Release|x86
		{16F09A55-AB20-4252-8D32-A9058558423B}.Ad-Hoc|Any CPU.Deploy.0 = Release|x86
		{16F09A55-AB20-4252-8D32-A9058558423B}.Ad-Hoc|ARM.ActiveCfg = Release|ARM
		{16F09A55-AB20-4252-8D32-A9058558423B}.Ad-Hoc|ARM.Build.0 = Release|ARM
		{16F09A55-AB20-4252-8D32-A9058558423B}.Ad-Hoc|ARM.Deploy.0 = Release|ARM
		{16F09A55-AB20-4252-8D32-A9058558423B}.Ad-Hoc|iPhone.ActiveCfg = Release|x86
		{16F09A55-AB20-4252-8D32-A9058558423B}.Ad-Hoc|iPhone.Build.0 = Release|x86
		{16F09A55-AB20-4252-8D32-A9058558423B}.Ad-Hoc|iPhone.Deploy.0 = Release|x86
		{16F09A55-AB20-4252-8D32-A9058558423B}.Ad-Hoc|iPhoneSimulator.ActiveCfg = Release|x86
		{16F09A55-AB20-4252-8D32-A9058558423B}.Ad-Hoc|iPhoneSimulator.Build.0 = Release|x86
		{16F09A55-AB20-4252-8D32-A9058558423B}.Ad-Hoc|iPhoneSimulator.Deploy.0 = Release|x86
		{16F09A55-AB20-4252-8D32-A9058558423B}.Ad-Hoc|x64.ActiveCfg = Release|x64
		{16F09A55-AB20-4252-8D32-A9058558423B}.Ad-Hoc|x64.Build.0 = Release|x64
		{16F09A55-AB20-4252-8D32-A9058558423B}.Ad-Hoc|x64.Deploy.0 = Release|x64
		{16F09A55-AB20-4252-8D32-A9058558423B}.Ad-Hoc|x86.ActiveCfg = Release|x86
		{16F09A55-AB20-4252-8D32-A9058558423B}.Ad-Hoc|x86.Build.0 = Release|x86
		{16F09A55-AB20-4252-8D32-A9058558423B}.Ad-Hoc|x86.Deploy.0 = Release|x86
		{16F09A55-AB20-4252-8D32-A9058558423B}.AppStore|Any CPU.ActiveCfg = Release|x86
		{16F09A55-AB20-4252-8D32-A9058558423B}.AppStore|Any CPU.Build.0 = Release|x86
		{16F09A55-AB20-4252-8D32-A9058558423B}.AppStore|Any CPU.Deploy.0 = Release|x86
		{16F09A55-AB20-4252-8D32-A9058558423B}.AppStore|ARM.ActiveCfg = Release|ARM
		{16F09A55-AB20-4252-8D32-A9058558423B}.AppStore|ARM.Build.0 = Release|ARM
		{16F09A55-AB20-4252-8D32-A9058558423B}.AppStore|ARM.Deploy.0 = Release|ARM
		{16F09A55-AB20-4252-8D32-A9058558423B}.AppStore|iPhone.ActiveCfg = Release|x86
		{16F09A55-AB20-4252-8D32-A9058558423B}.AppStore|iPhone.Build.0 = Release|x86
		{16F09A55-AB20-4252-8D32-A9058558423B}.AppStore|iPhone.Deploy.0 = Release|x86
		{16F09A55-AB20-4252-8D32-A9058558423B}.AppStore|iPhoneSimulator.ActiveCfg = Release|x86
		{16F09A55-AB20-4252-8D32-A9058558423B}.AppStore|iPhoneSimulator.Build.0 = Release|x86
		{16F09A55-AB20-4252-8D32-A9058558423B}.AppStore|iPhoneSimulator.Deploy.0 = Release|x86
		{16F09A55-AB20-4252-8D32-A9058558423B}.AppStore|x64.ActiveCfg = Release|x64
		{16F09A55-AB20-4252-8D32-A9058558423B}.AppStore|x64.Build.0 = Release|x64
		{16F09A55-AB20-4252-8D32-A9058558423B}.AppStore|x64.Deploy.0 = Release|x64
		{16F09A55-AB20-4252-8D32-A9058558423B}.AppStore|x86.ActiveCfg = Release|x86
		{16F09A55-AB20-4252-8D32-A9058558423B}.AppStore|x86.Build.0 = Release|x86
		{16F09A55-AB20-4252-8D32-A9058558423B}.AppStore|x86.Deploy.0 = Release|x86
		{16F09A55-AB20-4252-8D32-A9058558423B}.Debug|Any CPU.ActiveCfg = Debug|x86
		{16F09A55-AB20-4252-8D32-A9058558423B}.Debug|ARM.ActiveCfg = Debug|ARM
		{16F09A55-AB20-4252-8D32-A9058558423B}.Debug|ARM.Build.0 = Debug|ARM
		{16F09A55-AB20-4252-8D32-A9058558423B}.Debug|ARM.Deploy.0 = Debug|ARM
		{16F09A55-AB20-4252-8D32-A9058558423B}.Debug|iPhone.ActiveCfg = Debug|x86
		{16F09A55-AB20-4252-8D32-A9058558423B}.Debug|iPhoneSimulator.ActiveCfg = Debug|x86
		{16F09A55-AB20-4252-8D32-A9058558423B}.Debug|x64.ActiveCfg = Debug|x64
		{16F09A55-AB20-4252-8D32-A9058558423B}.Debug|x64.Build.0 = Debug|x64
		{16F09A55-AB20-4252-8D32-A9058558423B}.Debug|x64.Deploy.0 = Debug|x64
		{16F09A55-AB20-4252-8D32-A9058558423B}.Debug|x86.ActiveCfg = Debug|x86
		{16F09A55-AB20-4252-8D32-A9058558423B}.Debug|x86.Build.0 = Debug|x86
		{16F09A55-AB20-4252-8D32-A9058558423B}.Debug|x86.Deploy.0 = Debug|x86
		{16F09A55-AB20-4252-8D32-A9058558423B}.Release|Any CPU.ActiveCfg = Release|x86
		{16F09A55-AB20-4252-8D32-A9058558423B}.Release|ARM.ActiveCfg = Release|ARM
		{16F09A55-AB20-4252-8D32-A9058558423B}.Release|ARM.Build.0 = Release|ARM
		{16F09A55-AB20-4252-8D32-A9058558423B}.Release|ARM.Deploy.0 = Release|ARM
		{16F09A55-AB20-4252-8D32-A9058558423B}.Release|iPhone.ActiveCfg = Release|x86
		{16F09A55-AB20-4252-8D32-A9058558423B}.Release|iPhoneSimulator.ActiveCfg = Release|x86
		{16F09A55-AB20-4252-8D32-A9058558423B}.Release|x64.ActiveCfg = Release|x64
		{16F09A55-AB20-4252-8D32-A9058558423B}.Release|x64.Build.0 = Release|x64
		{16F09A55-AB20-4252-8D32-A9058558423B}.Release|x64.Deploy.0 = Release|x64
		{16F09A55-AB20-4252-8D32-A9058558423B}.Release|x86.ActiveCfg = Release|x86
		{16F09A55-AB20-4252-8D32-A9058558423B}.Release|x86.Build.0 = Release|x86
		{16F09A55-AB20-4252-8D32-A9058558423B}.Release|x86.Deploy.0 = Release|x86
		{4DE603A3-C8AA-4E62-B359-0E65DC6B1BB6}.Ad-Hoc|Any CPU.ActiveCfg = Debug|Any CPU
		{4DE603A3-C8AA-4E62-B359-0E65DC6B1BB6}.Ad-Hoc|Any CPU.Build.0 = Debug|Any CPU
		{4DE603A3-C8AA-4E62-B359-0E65DC6B1BB6}.Ad-Hoc|ARM.ActiveCfg = Debug|Any CPU
		{4DE603A3-C8AA-4E62-B359-0E65DC6B1BB6}.Ad-Hoc|ARM.Build.0 = Debug|Any CPU
		{4DE603A3-C8AA-4E62-B359-0E65DC6B1BB6}.Ad-Hoc|iPhone.ActiveCfg = Debug|Any CPU
		{4DE603A3-C8AA-4E62-B359-0E65DC6B1BB6}.Ad-Hoc|iPhone.Build.0 = Debug|Any CPU
		{4DE603A3-C8AA-4E62-B359-0E65DC6B1BB6}.Ad-Hoc|iPhoneSimulator.ActiveCfg = Debug|Any CPU
		{4DE603A3-C8AA-4E62-B359-0E65DC6B1BB6}.Ad-Hoc|iPhoneSimulator.Build.0 = Debug|Any CPU
		{4DE603A3-C8AA-4E62-B359-0E65DC6B1BB6}.Ad-Hoc|x64.ActiveCfg = Debug|Any CPU
		{4DE603A3-C8AA-4E62-B359-0E65DC6B1BB6}.Ad-Hoc|x64.Build.0 = Debug|Any CPU
		{4DE603A3-C8AA-4E62-B359-0E65DC6B1BB6}.Ad-Hoc|x86.ActiveCfg = Debug|Any CPU
		{4DE603A3-C8AA-4E62-B359-0E65DC6B1BB6}.Ad-Hoc|x86.Build.0 = Debug|Any CPU
		{4DE603A3-C8AA-4E62-B359-0E65DC6B1BB6}.AppStore|Any CPU.ActiveCfg = Debug|Any CPU
		{4DE603A3-C8AA-4E62-B359-0E65DC6B1BB6}.AppStore|Any CPU.Build.0 = Debug|Any CPU
		{4DE603A3-C8AA-4E62-B359-0E65DC6B1BB6}.AppStore|ARM.ActiveCfg = Debug|Any CPU
		{4DE603A3-C8AA-4E62-B359-0E65DC6B1BB6}.AppStore|ARM.Build.0 = Debug|Any CPU
		{4DE603A3-C8AA-4E62-B359-0E65DC6B1BB6}.AppStore|iPhone.ActiveCfg = Debug|Any CPU
		{4DE603A3-C8AA-4E62-B359-0E65DC6B1BB6}.AppStore|iPhone.Build.0 = Debug|Any CPU
		{4DE603A3-C8AA-4E62-B359-0E65DC6B1BB6}.AppStore|iPhoneSimulator.ActiveCfg = Debug|Any CPU
		{4DE603A3-C8AA-4E62-B359-0E65DC6B1BB6}.AppStore|iPhoneSimulator.Build.0 = Debug|Any CPU
		{4DE603A3-C8AA-4E62-B359-0E65DC6B1BB6}.AppStore|x64.ActiveCfg = Debug|Any CPU
		{4DE603A3-C8AA-4E62-B359-0E65DC6B1BB6}.AppStore|x64.Build.0 = Debug|Any CPU
		{4DE603A3-C8AA-4E62-B359-0E65DC6B1BB6}.AppStore|x86.ActiveCfg = Debug|Any CPU
		{4DE603A3-C8AA-4E62-B359-0E65DC6B1BB6}.AppStore|x86.Build.0 = Debug|Any CPU
		{4DE603A3-C8AA-4E62-B359-0E65DC6B1BB6}.Debug|Any CPU.ActiveCfg = Debug|Any CPU
		{4DE603A3-C8AA-4E62-B359-0E65DC6B1BB6}.Debug|Any CPU.Build.0 = Debug|Any CPU
		{4DE603A3-C8AA-4E62-B359-0E65DC6B1BB6}.Debug|ARM.ActiveCfg = Debug|Any CPU
		{4DE603A3-C8AA-4E62-B359-0E65DC6B1BB6}.Debug|ARM.Build.0 = Debug|Any CPU
		{4DE603A3-C8AA-4E62-B359-0E65DC6B1BB6}.Debug|iPhone.ActiveCfg = Debug|Any CPU
		{4DE603A3-C8AA-4E62-B359-0E65DC6B1BB6}.Debug|iPhone.Build.0 = Debug|Any CPU
		{4DE603A3-C8AA-4E62-B359-0E65DC6B1BB6}.Debug|iPhoneSimulator.ActiveCfg = Debug|Any CPU
		{4DE603A3-C8AA-4E62-B359-0E65DC6B1BB6}.Debug|iPhoneSimulator.Build.0 = Debug|Any CPU
		{4DE603A3-C8AA-4E62-B359-0E65DC6B1BB6}.Debug|x64.ActiveCfg = Debug|Any CPU
		{4DE603A3-C8AA-4E62-B359-0E65DC6B1BB6}.Debug|x64.Build.0 = Debug|Any CPU
		{4DE603A3-C8AA-4E62-B359-0E65DC6B1BB6}.Debug|x86.ActiveCfg = Debug|Any CPU
		{4DE603A3-C8AA-4E62-B359-0E65DC6B1BB6}.Debug|x86.Build.0 = Debug|Any CPU
		{4DE603A3-C8AA-4E62-B359-0E65DC6B1BB6}.Release|Any CPU.ActiveCfg = Release|Any CPU
		{4DE603A3-C8AA-4E62-B359-0E65DC6B1BB6}.Release|Any CPU.Build.0 = Release|Any CPU
		{4DE603A3-C8AA-4E62-B359-0E65DC6B1BB6}.Release|ARM.ActiveCfg = Release|Any CPU
		{4DE603A3-C8AA-4E62-B359-0E65DC6B1BB6}.Release|ARM.Build.0 = Release|Any CPU
		{4DE603A3-C8AA-4E62-B359-0E65DC6B1BB6}.Release|iPhone.ActiveCfg = Release|Any CPU
		{4DE603A3-C8AA-4E62-B359-0E65DC6B1BB6}.Release|iPhone.Build.0 = Release|Any CPU
		{4DE603A3-C8AA-4E62-B359-0E65DC6B1BB6}.Release|iPhoneSimulator.ActiveCfg = Release|Any CPU
		{4DE603A3-C8AA-4E62-B359-0E65DC6B1BB6}.Release|iPhoneSimulator.Build.0 = Release|Any CPU
		{4DE603A3-C8AA-4E62-B359-0E65DC6B1BB6}.Release|x64.ActiveCfg = Release|Any CPU
		{4DE603A3-C8AA-4E62-B359-0E65DC6B1BB6}.Release|x64.Build.0 = Release|Any CPU
		{4DE603A3-C8AA-4E62-B359-0E65DC6B1BB6}.Release|x86.ActiveCfg = Release|Any CPU
		{4DE603A3-C8AA-4E62-B359-0E65DC6B1BB6}.Release|x86.Build.0 = Release|Any CPU
		{188405DA-5603-4F54-B49D-95BA24DB2E6A}.Ad-Hoc|Any CPU.ActiveCfg = Release|Any CPU
		{188405DA-5603-4F54-B49D-95BA24DB2E6A}.Ad-Hoc|Any CPU.Build.0 = Release|Any CPU
		{188405DA-5603-4F54-B49D-95BA24DB2E6A}.Ad-Hoc|ARM.ActiveCfg = Release|Any CPU
		{188405DA-5603-4F54-B49D-95BA24DB2E6A}.Ad-Hoc|ARM.Build.0 = Release|Any CPU
		{188405DA-5603-4F54-B49D-95BA24DB2E6A}.Ad-Hoc|iPhone.ActiveCfg = Release|Any CPU
		{188405DA-5603-4F54-B49D-95BA24DB2E6A}.Ad-Hoc|iPhone.Build.0 = Release|Any CPU
		{188405DA-5603-4F54-B49D-95BA24DB2E6A}.Ad-Hoc|iPhoneSimulator.ActiveCfg = Release|Any CPU
		{188405DA-5603-4F54-B49D-95BA24DB2E6A}.Ad-Hoc|iPhoneSimulator.Build.0 = Release|Any CPU
		{188405DA-5603-4F54-B49D-95BA24DB2E6A}.Ad-Hoc|x64.ActiveCfg = Release|Any CPU
		{188405DA-5603-4F54-B49D-95BA24DB2E6A}.Ad-Hoc|x64.Build.0 = Release|Any CPU
		{188405DA-5603-4F54-B49D-95BA24DB2E6A}.Ad-Hoc|x86.ActiveCfg = Release|Any CPU
		{188405DA-5603-4F54-B49D-95BA24DB2E6A}.Ad-Hoc|x86.Build.0 = Release|Any CPU
		{188405DA-5603-4F54-B49D-95BA24DB2E6A}.AppStore|Any CPU.ActiveCfg = Release|Any CPU
		{188405DA-5603-4F54-B49D-95BA24DB2E6A}.AppStore|Any CPU.Build.0 = Release|Any CPU
		{188405DA-5603-4F54-B49D-95BA24DB2E6A}.AppStore|ARM.ActiveCfg = Release|Any CPU
		{188405DA-5603-4F54-B49D-95BA24DB2E6A}.AppStore|ARM.Build.0 = Release|Any CPU
		{188405DA-5603-4F54-B49D-95BA24DB2E6A}.AppStore|iPhone.ActiveCfg = Release|Any CPU
		{188405DA-5603-4F54-B49D-95BA24DB2E6A}.AppStore|iPhone.Build.0 = Release|Any CPU
		{188405DA-5603-4F54-B49D-95BA24DB2E6A}.AppStore|iPhoneSimulator.ActiveCfg = Release|Any CPU
		{188405DA-5603-4F54-B49D-95BA24DB2E6A}.AppStore|iPhoneSimulator.Build.0 = Release|Any CPU
		{188405DA-5603-4F54-B49D-95BA24DB2E6A}.AppStore|x64.ActiveCfg = Release|Any CPU
		{188405DA-5603-4F54-B49D-95BA24DB2E6A}.AppStore|x64.Build.0 = Release|Any CPU
		{188405DA-5603-4F54-B49D-95BA24DB2E6A}.AppStore|x86.ActiveCfg = Release|Any CPU
		{188405DA-5603-4F54-B49D-95BA24DB2E6A}.AppStore|x86.Build.0 = Release|Any CPU
		{188405DA-5603-4F54-B49D-95BA24DB2E6A}.Debug|Any CPU.ActiveCfg = Debug|Any CPU
		{188405DA-5603-4F54-B49D-95BA24DB2E6A}.Debug|Any CPU.Build.0 = Debug|Any CPU
		{188405DA-5603-4F54-B49D-95BA24DB2E6A}.Debug|ARM.ActiveCfg = Debug|Any CPU
		{188405DA-5603-4F54-B49D-95BA24DB2E6A}.Debug|ARM.Build.0 = Debug|Any CPU
		{188405DA-5603-4F54-B49D-95BA24DB2E6A}.Debug|iPhone.ActiveCfg = Debug|Any CPU
		{188405DA-5603-4F54-B49D-95BA24DB2E6A}.Debug|iPhone.Build.0 = Debug|Any CPU
		{188405DA-5603-4F54-B49D-95BA24DB2E6A}.Debug|iPhoneSimulator.ActiveCfg = Debug|Any CPU
		{188405DA-5603-4F54-B49D-95BA24DB2E6A}.Debug|iPhoneSimulator.Build.0 = Debug|Any CPU
		{188405DA-5603-4F54-B49D-95BA24DB2E6A}.Debug|x64.ActiveCfg = Debug|Any CPU
		{188405DA-5603-4F54-B49D-95BA24DB2E6A}.Debug|x64.Build.0 = Debug|Any CPU
		{188405DA-5603-4F54-B49D-95BA24DB2E6A}.Debug|x86.ActiveCfg = Debug|Any CPU
		{188405DA-5603-4F54-B49D-95BA24DB2E6A}.Debug|x86.Build.0 = Debug|Any CPU
		{188405DA-5603-4F54-B49D-95BA24DB2E6A}.Release|Any CPU.ActiveCfg = Release|Any CPU
		{188405DA-5603-4F54-B49D-95BA24DB2E6A}.Release|Any CPU.Build.0 = Release|Any CPU
		{188405DA-5603-4F54-B49D-95BA24DB2E6A}.Release|ARM.ActiveCfg = Release|Any CPU
		{188405DA-5603-4F54-B49D-95BA24DB2E6A}.Release|ARM.Build.0 = Release|Any CPU
		{188405DA-5603-4F54-B49D-95BA24DB2E6A}.Release|iPhone.ActiveCfg = Release|Any CPU
		{188405DA-5603-4F54-B49D-95BA24DB2E6A}.Release|iPhone.Build.0 = Release|Any CPU
		{188405DA-5603-4F54-B49D-95BA24DB2E6A}.Release|iPhoneSimulator.ActiveCfg = Release|Any CPU
		{188405DA-5603-4F54-B49D-95BA24DB2E6A}.Release|iPhoneSimulator.Build.0 = Release|Any CPU
		{188405DA-5603-4F54-B49D-95BA24DB2E6A}.Release|x64.ActiveCfg = Release|Any CPU
		{188405DA-5603-4F54-B49D-95BA24DB2E6A}.Release|x64.Build.0 = Release|Any CPU
		{188405DA-5603-4F54-B49D-95BA24DB2E6A}.Release|x86.ActiveCfg = Release|Any CPU
		{188405DA-5603-4F54-B49D-95BA24DB2E6A}.Release|x86.Build.0 = Release|Any CPU
	EndGlobalSection
	GlobalSection(SolutionProperties) = preSolution
		HideSolutionNode = FALSE
	EndGlobalSection
	GlobalSection(ExtensibilityGlobals) = postSolution
		SolutionGuid = {D41F0BE4-EC59-4D54-8EF8-EFB9DA0216D6}
	EndGlobalSection
EndGlobal
